// !$*UTF8*$!
{
	archiveVersion = 1;
	classes = {
	};
	objectVersion = 45;
	objects = {

/* Begin PBXAggregateTarget section */
		B0E1469E1035FBDE005B161C /* Distribution */ = {
			isa = PBXAggregateTarget;
			buildConfigurationList = B0E146A81035FBF0005B161C /* Build configuration list for PBXAggregateTarget "Distribution" */;
			buildPhases = (
				B0E1469D1035FBDE005B161C /* ShellScript */,
			);
			dependencies = (
				B0E146AA1035FBFC005B161C /* PBXTargetDependency */,
			);
			name = Distribution;
			productName = Distribution;
		};
/* End PBXAggregateTarget section */

/* Begin PBXBuildFile section */
		1DDD58160DA1D0A300B32029 /* Giornata.xib in Resources */ = {isa = PBXBuildFile; fileRef = 1DDD58140DA1D0A300B32029 /* Giornata.xib */; };
		8D11072B0486CEB800E47090 /* InfoPlist.strings in Resources */ = {isa = PBXBuildFile; fileRef = 089C165CFE840E0CC02AAC07 /* InfoPlist.strings */; };
		8D11072D0486CEB800E47090 /* main.m in Sources */ = {isa = PBXBuildFile; fileRef = 29B97316FDCFA39411CA2CEA /* main.m */; settings = {ATTRIBUTES = (); }; };
		8D11072F0486CEB800E47090 /* Cocoa.framework in Frameworks */ = {isa = PBXBuildFile; fileRef = 1058C7A1FEA54F0111CA2CBB /* Cocoa.framework */; };
		B030931510372E1B00737D19 /* InfoPlist.strings in Resources */ = {isa = PBXBuildFile; fileRef = B030931110372E1B00737D19 /* InfoPlist.strings */; };
		B030932B10372F4800737D19 /* DesktopStorage.plugin in Copy PlugIn Files */ = {isa = PBXBuildFile; fileRef = B030930A10372E0100737D19 /* DesktopStorage.plugin */; };
		B030933E10372FCB00737D19 /* Cocoa.framework in Frameworks */ = {isa = PBXBuildFile; fileRef = B030933D10372FCB00737D19 /* Cocoa.framework */; };
		B03093851037353800737D19 /* DesktopStorage.xib in Resources */ = {isa = PBXBuildFile; fileRef = B03093841037353800737D19 /* DesktopStorage.xib */; };
		B030938E1037362E00737D19 /* DesktopStorage.m in Sources */ = {isa = PBXBuildFile; fileRef = B030938D1037362E00737D19 /* DesktopStorage.m */; };
		B03093A11037389E00737D19 /* GiornataController.m in Sources */ = {isa = PBXBuildFile; fileRef = B03093A01037389E00737D19 /* GiornataController.m */; };
		B0E1466F1034E169005B161C /* Sparkle.framework in Frameworks */ = {isa = PBXBuildFile; fileRef = B0E1466E1034E169005B161C /* Sparkle.framework */; };
		B0E146841034E1C3005B161C /* Sparkle.framework in Copy Framework Files */ = {isa = PBXBuildFile; fileRef = B0E1466E1034E169005B161C /* Sparkle.framework */; };
		B0E146891035F57D005B161C /* dsa_pub.pem in Resources */ = {isa = PBXBuildFile; fileRef = B0E146881035F57D005B161C /* dsa_pub.pem */; };
		B0E14705103675A2005B161C /* Giornata.icns in Resources */ = {isa = PBXBuildFile; fileRef = B0E14704103675A2005B161C /* Giornata.icns */; };
/* End PBXBuildFile section */

/* Begin PBXContainerItemProxy section */
		B030932910372F3E00737D19 /* PBXContainerItemProxy */ = {
			isa = PBXContainerItemProxy;
			containerPortal = 29B97313FDCFA39411CA2CEA /* Project object */;
			proxyType = 1;
			remoteGlobalIDString = B030930910372E0100737D19;
			remoteInfo = DesktopStorage;
		};
		B0E146A91035FBFC005B161C /* PBXContainerItemProxy */ = {
			isa = PBXContainerItemProxy;
			containerPortal = 29B97313FDCFA39411CA2CEA /* Project object */;
			proxyType = 1;
			remoteGlobalIDString = 8D1107260486CEB800E47090;
			remoteInfo = Giornata;
		};
/* End PBXContainerItemProxy section */

/* Begin PBXCopyFilesBuildPhase section */
		B06ECCBE10372A3D004F9F58 /* Copy PlugIn Files */ = {
			isa = PBXCopyFilesBuildPhase;
			buildActionMask = 2147483647;
			dstPath = "";
			dstSubfolderSpec = 13;
			files = (
				B030932B10372F4800737D19 /* DesktopStorage.plugin in Copy PlugIn Files */,
			);
			name = "Copy PlugIn Files";
			runOnlyForDeploymentPostprocessing = 0;
		};
		B0E146831034E1B1005B161C /* Copy Framework Files */ = {
			isa = PBXCopyFilesBuildPhase;
			buildActionMask = 2147483647;
			dstPath = "";
			dstSubfolderSpec = 10;
			files = (
				B0E146841034E1C3005B161C /* Sparkle.framework in Copy Framework Files */,
			);
			name = "Copy Framework Files";
			runOnlyForDeploymentPostprocessing = 0;
		};
/* End PBXCopyFilesBuildPhase section */

/* Begin PBXFileReference section */
		089C165DFE840E0CC02AAC07 /* English */ = {isa = PBXFileReference; fileEncoding = 10; lastKnownFileType = text.plist.strings; name = English; path = English.lproj/InfoPlist.strings; sourceTree = "<group>"; };
		1058C7A1FEA54F0111CA2CBB /* Cocoa.framework */ = {isa = PBXFileReference; lastKnownFileType = wrapper.framework; name = Cocoa.framework; path = /System/Library/Frameworks/Cocoa.framework; sourceTree = "<absolute>"; };
		13E42FB307B3F0F600E4EEF1 /* CoreData.framework */ = {isa = PBXFileReference; lastKnownFileType = wrapper.framework; name = CoreData.framework; path = /System/Library/Frameworks/CoreData.framework; sourceTree = "<absolute>"; };
		1DDD58150DA1D0A300B32029 /* English */ = {isa = PBXFileReference; lastKnownFileType = file.xib; name = English; path = English.lproj/Giornata.xib; sourceTree = "<group>"; };
		29B97316FDCFA39411CA2CEA /* main.m */ = {isa = PBXFileReference; fileEncoding = 4; lastKnownFileType = sourcecode.c.objc; path = main.m; sourceTree = "<group>"; };
		29B97324FDCFA39411CA2CEA /* AppKit.framework */ = {isa = PBXFileReference; lastKnownFileType = wrapper.framework; name = AppKit.framework; path = /System/Library/Frameworks/AppKit.framework; sourceTree = "<absolute>"; };
		29B97325FDCFA39411CA2CEA /* Foundation.framework */ = {isa = PBXFileReference; lastKnownFileType = wrapper.framework; name = Foundation.framework; path = /System/Library/Frameworks/Foundation.framework; sourceTree = "<absolute>"; };
		32CA4F630368D1EE00C91783 /* Giornata_Prefix.pch */ = {isa = PBXFileReference; fileEncoding = 4; lastKnownFileType = sourcecode.c.h; path = Giornata_Prefix.pch; sourceTree = "<group>"; };
		8D1107310486CEB800E47090 /* Info.plist */ = {isa = PBXFileReference; fileEncoding = 4; lastKnownFileType = text.plist.xml; path = Info.plist; sourceTree = "<group>"; };
		8D1107320486CEB800E47090 /* Giornata.app */ = {isa = PBXFileReference; explicitFileType = wrapper.application; includeInIndex = 0; path = Giornata.app; sourceTree = BUILT_PRODUCTS_DIR; };
		B030930A10372E0100737D19 /* DesktopStorage.plugin */ = {isa = PBXFileReference; explicitFileType = wrapper.cfbundle; includeInIndex = 0; path = DesktopStorage.plugin; sourceTree = BUILT_PRODUCTS_DIR; };
		B030930F10372E1B00737D19 /* DesktopStorage_Prefix.pch */ = {isa = PBXFileReference; fileEncoding = 4; lastKnownFileType = sourcecode.c.h; path = DesktopStorage_Prefix.pch; sourceTree = "<group>"; };
		B030931210372E1B00737D19 /* English */ = {isa = PBXFileReference; fileEncoding = 4; lastKnownFileType = text.plist.strings; name = English; path = English.lproj/InfoPlist.strings; sourceTree = "<group>"; };
		B030931310372E1B00737D19 /* Info.plist */ = {isa = PBXFileReference; fileEncoding = 4; lastKnownFileType = text.plist.xml; path = Info.plist; sourceTree = "<group>"; };
		B030933D10372FCB00737D19 /* Cocoa.framework */ = {isa = PBXFileReference; lastKnownFileType = wrapper.framework; name = Cocoa.framework; path = System/Library/Frameworks/Cocoa.framework; sourceTree = SDKROOT; };
		B030937F103734BD00737D19 /* English */ = {isa = PBXFileReference; lastKnownFileType = file.xib; name = English; path = English.lproj/DesktopStorage.xib; sourceTree = "<group>"; };
		B030938C1037362E00737D19 /* DesktopStorage.h */ = {isa = PBXFileReference; fileEncoding = 4; lastKnownFileType = sourcecode.c.h; path = DesktopStorage.h; sourceTree = "<group>"; };
		B030938D1037362E00737D19 /* DesktopStorage.m */ = {isa = PBXFileReference; fileEncoding = 4; lastKnownFileType = sourcecode.c.objc; path = DesktopStorage.m; sourceTree = "<group>"; };
		B030939B103737D000737D19 /* GiornataPlugInProtocol.h */ = {isa = PBXFileReference; fileEncoding = 4; lastKnownFileType = sourcecode.c.h; path = GiornataPlugInProtocol.h; sourceTree = "<group>"; };
		B030939F1037389E00737D19 /* GiornataController.h */ = {isa = PBXFileReference; fileEncoding = 4; lastKnownFileType = sourcecode.c.h; path = GiornataController.h; sourceTree = "<group>"; };
		B03093A01037389E00737D19 /* GiornataController.m */ = {isa = PBXFileReference; fileEncoding = 4; lastKnownFileType = sourcecode.c.objc; path = GiornataController.m; sourceTree = "<group>"; };
		B04730611034DB15005AD192 /* CGSPrivate.h */ = {isa = PBXFileReference; fileEncoding = 4; lastKnownFileType = sourcecode.c.h; path = CGSPrivate.h; sourceTree = "<group>"; };
		B04730621034DB15005AD192 /* CoreDockPrivate.h */ = {isa = PBXFileReference; fileEncoding = 4; lastKnownFileType = sourcecode.c.h; path = CoreDockPrivate.h; sourceTree = "<group>"; };
		B0E1466E1034E169005B161C /* Sparkle.framework */ = {isa = PBXFileReference; lastKnownFileType = wrapper.framework; path = Sparkle.framework; sourceTree = "<group>"; };
		B0E146881035F57D005B161C /* dsa_pub.pem */ = {isa = PBXFileReference; fileEncoding = 4; lastKnownFileType = text; path = dsa_pub.pem; sourceTree = "<group>"; };
		B0E14704103675A2005B161C /* Giornata.icns */ = {isa = PBXFileReference; lastKnownFileType = image.icns; path = Giornata.icns; sourceTree = "<group>"; };
/* End PBXFileReference section */

/* Begin PBXFrameworksBuildPhase section */
		8D11072E0486CEB800E47090 /* Frameworks */ = {
			isa = PBXFrameworksBuildPhase;
			buildActionMask = 2147483647;
			files = (
				8D11072F0486CEB800E47090 /* Cocoa.framework in Frameworks */,
				B0E1466F1034E169005B161C /* Sparkle.framework in Frameworks */,
			);
			runOnlyForDeploymentPostprocessing = 0;
		};
		B030930810372E0100737D19 /* Frameworks */ = {
			isa = PBXFrameworksBuildPhase;
			buildActionMask = 2147483647;
			files = (
				B030933E10372FCB00737D19 /* Cocoa.framework in Frameworks */,
			);
			runOnlyForDeploymentPostprocessing = 0;
		};
/* End PBXFrameworksBuildPhase section */

/* Begin PBXGroup section */
		080E96DDFE201D6D7F000001 /* Core Application */ = {
			isa = PBXGroup;
			children = (
				B05701DC1034DCFC00E69BE4 /* Classes */,
				B047305E1034DAF1005AD192 /* Other Sources */,
				29B97317FDCFA39411CA2CEA /* Resources */,
				29B97323FDCFA39411CA2CEA /* Frameworks */,
				32CA4F630368D1EE00C91783 /* Giornata_Prefix.pch */,
			);
			name = "Core Application";
			path = core;
			sourceTree = "<group>";
		};
		1058C7A0FEA54F0111CA2CBB /* Linked Frameworks */ = {
			isa = PBXGroup;
			children = (
				1058C7A1FEA54F0111CA2CBB /* Cocoa.framework */,
				B0E1466E1034E169005B161C /* Sparkle.framework */,
			);
			name = "Linked Frameworks";
			sourceTree = "<group>";
		};
		1058C7A2FEA54F0111CA2CBB /* Other Frameworks */ = {
			isa = PBXGroup;
			children = (
				29B97324FDCFA39411CA2CEA /* AppKit.framework */,
				13E42FB307B3F0F600E4EEF1 /* CoreData.framework */,
				29B97325FDCFA39411CA2CEA /* Foundation.framework */,
			);
			name = "Other Frameworks";
			sourceTree = "<group>";
		};
		19C28FACFE9D520D11CA2CBB /* Products */ = {
			isa = PBXGroup;
			children = (
				8D1107320486CEB800E47090 /* Giornata.app */,
				B030930A10372E0100737D19 /* DesktopStorage.plugin */,
			);
			name = Products;
			sourceTree = "<group>";
		};
		29B97314FDCFA39411CA2CEA /* Giornata */ = {
			isa = PBXGroup;
			children = (
				080E96DDFE201D6D7F000001 /* Core Application */,
				B06ECC9C10372703004F9F58 /* PlugIn Modules */,
				B0CF9376102D767A00A8DB01 /* Shared Headers */,
				19C28FACFE9D520D11CA2CBB /* Products */,
			);
			name = Giornata;
			sourceTree = "<group>";
		};
		29B97317FDCFA39411CA2CEA /* Resources */ = {
			isa = PBXGroup;
			children = (
				B0E1470310367597005B161C /* Icons */,
				B0E146881035F57D005B161C /* dsa_pub.pem */,
				8D1107310486CEB800E47090 /* Info.plist */,
				089C165CFE840E0CC02AAC07 /* InfoPlist.strings */,
				1DDD58140DA1D0A300B32029 /* Giornata.xib */,
			);
			name = Resources;
			path = resources;
			sourceTree = "<group>";
		};
		29B97323FDCFA39411CA2CEA /* Frameworks */ = {
			isa = PBXGroup;
			children = (
				1058C7A0FEA54F0111CA2CBB /* Linked Frameworks */,
				1058C7A2FEA54F0111CA2CBB /* Other Frameworks */,
			);
			name = Frameworks;
			path = frameworks;
			sourceTree = "<group>";
		};
		B03092F910372D9C00737D19 /* DesktopStorage */ = {
			isa = PBXGroup;
			children = (
				B030932710372EF200737D19 /* Classes */,
				B030932810372F1D00737D19 /* Other Sources */,
				B030931010372E1B00737D19 /* Resources */,
				B030930F10372E1B00737D19 /* DesktopStorage_Prefix.pch */,
				B03093481037304C00737D19 /* Frameworks */,
			);
			name = DesktopStorage;
			path = "desktop-storage";
			sourceTree = "<group>";
		};
		B030931010372E1B00737D19 /* Resources */ = {
			isa = PBXGroup;
			children = (
				B030931110372E1B00737D19 /* InfoPlist.strings */,
				B030931310372E1B00737D19 /* Info.plist */,
				B03093841037353800737D19 /* DesktopStorage.xib */,
			);
			name = Resources;
			path = resources;
			sourceTree = "<group>";
		};
		B030932710372EF200737D19 /* Classes */ = {
			isa = PBXGroup;
			children = (
				B030938C1037362E00737D19 /* DesktopStorage.h */,
				B030938D1037362E00737D19 /* DesktopStorage.m */,
			);
			name = Classes;
			path = source;
			sourceTree = "<group>";
		};
		B030932810372F1D00737D19 /* Other Sources */ = {
			isa = PBXGroup;
			children = (
			);
			name = "Other Sources";
			path = source;
			sourceTree = "<group>";
		};
		B03093481037304C00737D19 /* Frameworks */ = {
			isa = PBXGroup;
			children = (
				B030934C1037306500737D19 /* Linked Frameworks */,
			);
			name = Frameworks;
			sourceTree = "<group>";
		};
		B030934C1037306500737D19 /* Linked Frameworks */ = {
			isa = PBXGroup;
			children = (
				B030933D10372FCB00737D19 /* Cocoa.framework */,
			);
			name = "Linked Frameworks";
			sourceTree = "<group>";
		};
		B047305E1034DAF1005AD192 /* Other Sources */ = {
			isa = PBXGroup;
			children = (
				29B97316FDCFA39411CA2CEA /* main.m */,
			);
			name = "Other Sources";
			path = source;
			sourceTree = "<group>";
		};
		B05701DC1034DCFC00E69BE4 /* Classes */ = {
			isa = PBXGroup;
			children = (
				B030939F1037389E00737D19 /* GiornataController.h */,
				B03093A01037389E00737D19 /* GiornataController.m */,
			);
			name = Classes;
			path = source;
			sourceTree = "<group>";
		};
		B06ECC9C10372703004F9F58 /* PlugIn Modules */ = {
			isa = PBXGroup;
			children = (
				B030939B103737D000737D19 /* GiornataPlugInProtocol.h */,
				B03092F910372D9C00737D19 /* DesktopStorage */,
			);
			name = "PlugIn Modules";
			path = plugins;
			sourceTree = "<group>";
		};
		B0CF9376102D767A00A8DB01 /* Shared Headers */ = {
			isa = PBXGroup;
			children = (
				B04730611034DB15005AD192 /* CGSPrivate.h */,
				B04730621034DB15005AD192 /* CoreDockPrivate.h */,
			);
			name = "Shared Headers";
			path = include;
			sourceTree = "<group>";
		};
		B0E1470310367597005B161C /* Icons */ = {
			isa = PBXGroup;
			children = (
				B0E14704103675A2005B161C /* Giornata.icns */,
			);
			name = Icons;
			sourceTree = "<group>";
		};
/* End PBXGroup section */

/* Begin PBXNativeTarget section */
		8D1107260486CEB800E47090 /* Giornata */ = {
			isa = PBXNativeTarget;
			buildConfigurationList = C01FCF4A08A954540054247B /* Build configuration list for PBXNativeTarget "Giornata" */;
			buildPhases = (
				8D1107290486CEB800E47090 /* Resources */,
				8D11072C0486CEB800E47090 /* Sources */,
				8D11072E0486CEB800E47090 /* Frameworks */,
				B0758BAD102D6D9A0040FA5C /* Run Versioning Script */,
				B0E146831034E1B1005B161C /* Copy Framework Files */,
				B06ECCBE10372A3D004F9F58 /* Copy PlugIn Files */,
			);
			buildRules = (
			);
			dependencies = (
				B030932A10372F3E00737D19 /* PBXTargetDependency */,
			);
			name = Giornata;
			productInstallPath = "$(HOME)/Applications";
			productName = Giornata;
			productReference = 8D1107320486CEB800E47090 /* Giornata.app */;
			productType = "com.apple.product-type.application";
		};
		B030930910372E0100737D19 /* DesktopStorage */ = {
			isa = PBXNativeTarget;
			buildConfigurationList = B030930E10372E0200737D19 /* Build configuration list for PBXNativeTarget "DesktopStorage" */;
			buildPhases = (
				B030930610372E0100737D19 /* Resources */,
				B030930710372E0100737D19 /* Sources */,
				B030930810372E0100737D19 /* Frameworks */,
				B0309351103730EC00737D19 /* Run Versioning Script */,
			);
			buildRules = (
			);
			dependencies = (
			);
			name = DesktopStorage;
			productName = DesktopStorage;
			productReference = B030930A10372E0100737D19 /* DesktopStorage.plugin */;
			productType = "com.apple.product-type.bundle";
		};
/* End PBXNativeTarget section */

/* Begin PBXProject section */
		29B97313FDCFA39411CA2CEA /* Project object */ = {
			isa = PBXProject;
			buildConfigurationList = C01FCF4E08A954540054247B /* Build configuration list for PBXProject "Giornata" */;
			compatibilityVersion = "Xcode 3.1";
			hasScannedForEncodings = 1;
			mainGroup = 29B97314FDCFA39411CA2CEA /* Giornata */;
			projectDirPath = "";
			projectRoot = "";
			targets = (
				B030930910372E0100737D19 /* DesktopStorage */,
				8D1107260486CEB800E47090 /* Giornata */,
				B0E1469E1035FBDE005B161C /* Distribution */,
			);
		};
/* End PBXProject section */

/* Begin PBXResourcesBuildPhase section */
		8D1107290486CEB800E47090 /* Resources */ = {
			isa = PBXResourcesBuildPhase;
			buildActionMask = 2147483647;
			files = (
				8D11072B0486CEB800E47090 /* InfoPlist.strings in Resources */,
				1DDD58160DA1D0A300B32029 /* Giornata.xib in Resources */,
				B0E146891035F57D005B161C /* dsa_pub.pem in Resources */,
				B0E14705103675A2005B161C /* Giornata.icns in Resources */,
			);
			runOnlyForDeploymentPostprocessing = 0;
		};
		B030930610372E0100737D19 /* Resources */ = {
			isa = PBXResourcesBuildPhase;
			buildActionMask = 2147483647;
			files = (
				B030931510372E1B00737D19 /* InfoPlist.strings in Resources */,
				B03093851037353800737D19 /* DesktopStorage.xib in Resources */,
			);
			runOnlyForDeploymentPostprocessing = 0;
		};
/* End PBXResourcesBuildPhase section */

/* Begin PBXShellScriptBuildPhase section */
		B0309351103730EC00737D19 /* Run Versioning Script */ = {
			isa = PBXShellScriptBuildPhase;
			buildActionMask = 2147483647;
			files = (
			);
			inputPaths = (
			);
			name = "Run Versioning Script";
			outputPaths = (
			);
			runOnlyForDeploymentPostprocessing = 0;
			shellPath = "/usr/bin/perl -w";
			shellScript = "# Xcode auto-versioning script for Subversion\n# by Axel Andersson, modified by Daniel Jalkut to add\n# \"--revision HEAD\" to the svn info line, which allows\n# the latest revision to always be used.\n\nuse strict;\n\ndie \"$0: Must be run from Xcode\" unless $ENV{\"BUILT_PRODUCTS_DIR\"};\n\n# Get the current subversion revision number and use it to set the CFBundleVersion value\nmy $REV = `/usr/bin/svnversion -n ./`;\nmy $INFO = \"$ENV{BUILT_PRODUCTS_DIR}/$ENV{WRAPPER_NAME}/Contents/Info.plist\";\n#my $INFO = \"$ENV{BUILT_PRODUCTS_DIR}/$ENV{INFOPLIST_PATH}\";\n\nmy $version = $REV;\n\n# (Match the last group of digits and optional letter M/S):\n# better yet still functional regex via Kevin \"Regex Nerd\" Ballard\n($version =~ m/\\d+[MS]*$/) && ($version = $&);\n\ndie \"$0: No Subversion revision found\" unless $version;\n\nopen(FH, \"$INFO\") or die \"$0: $INFO: $!\";\nmy $info = join(\"\", <FH>);\nclose(FH);\n\n$info =~ s/\\$Revision\\$/$version/g;\n\nopen(FH, \">$INFO\") or die \"$0: $INFO: $!\";\nprint FH $info;\nclose(FH);\n";
		};
		B0758BAD102D6D9A0040FA5C /* Run Versioning Script */ = {
			isa = PBXShellScriptBuildPhase;
			buildActionMask = 2147483647;
			files = (
			);
			inputPaths = (
			);
			name = "Run Versioning Script";
			outputPaths = (
			);
			runOnlyForDeploymentPostprocessing = 0;
			shellPath = "/usr/bin/perl -w";
			shellScript = "# Xcode auto-versioning script for Subversion\n# by Axel Andersson, modified by Daniel Jalkut to add\n# \"--revision HEAD\" to the svn info line, which allows\n# the latest revision to always be used.\n\nuse strict;\n\ndie \"$0: Must be run from Xcode\" unless $ENV{\"BUILT_PRODUCTS_DIR\"};\n\n# Get the current subversion revision number and use it to set the CFBundleVersion value\nmy $REV = `/usr/bin/svnversion -n ./`;\nmy $INFO = \"$ENV{BUILT_PRODUCTS_DIR}/$ENV{WRAPPER_NAME}/Contents/Info.plist\";\n#my $INFO = \"$ENV{BUILT_PRODUCTS_DIR}/$ENV{INFOPLIST_PATH}\";\n\nmy $version = $REV;\n\n# (Match the last group of digits and optional letter M/S):\n# better yet still functional regex via Kevin \"Regex Nerd\" Ballard\n($version =~ m/\\d+[MS]*$/) && ($version = $&);\n\ndie \"$0: No Subversion revision found\" unless $version;\n\nopen(FH, \"$INFO\") or die \"$0: $INFO: $!\";\nmy $info = join(\"\", <FH>);\nclose(FH);\n\n$info =~ s/\\$Revision\\$/$version/g;\n\nopen(FH, \">$INFO\") or die \"$0: $INFO: $!\";\nprint FH $info;\nclose(FH);\n";
		};
		B0E1469D1035FBDE005B161C /* ShellScript */ = {
			isa = PBXShellScriptBuildPhase;
			buildActionMask = 2147483647;
			files = (
			);
			inputPaths = (
			);
			outputPaths = (
			);
			runOnlyForDeploymentPostprocessing = 0;
			shellPath = /bin/bash;
			shellScript = "set -o errexit\n\n[ $BUILD_STYLE = Release ] || { echo Distribution target requires \"'Release'\" build style; false; }\n\nVERSION=$(defaults read \"$BUILT_PRODUCTS_DIR/$PROJECT_NAME.app/Contents/Info\" CFBundleVersion)\nSHORT_VERSION=$(defaults read \"$BUILT_PRODUCTS_DIR/$PROJECT_NAME.app/Contents/Info\" CFBundleShortVersionString)\nDOWNLOAD_BASE_URL=\"http://downloads.sourceforge.net/project/giornata/Giornata%201.x\"\nRELEASENOTES_URL=\"http://giornata.sourceforge.net/releasenotes.html#version-$VERSION\"\n\nARCHIVE_TEMPLATE_DIRECTORY=\"$PROJECT_DIR/masters\"\nARCHIVE_TEMPLATE_FILENAME=\"Template.dmg\"\nARCHIVE_FILENAME=\"${PROJECT_NAME}_$VERSION.dmg\"\nWORKING_IDENTIFIER=\"giornata-temp\"\nDOWNLOAD_URL=\"$DOWNLOAD_BASE_URL/$SHORT_VERSION/$ARCHIVE_FILENAME\"\nKEYCHAIN_PRIVKEY_NAME=\"Sparkle Private Key - Giornata\"\n\nWD=$PWD\ncd \"$BUILT_PRODUCTS_DIR\"\nrm -f \"$PROJECT_NAME\"*.dmg\ncp \"$ARCHIVE_TEMPLATE_DIRECTORY/$ARCHIVE_TEMPLATE_FILENAME.bz2\" .\nbunzip2 \"$ARCHIVE_TEMPLATE_FILENAME.bz2\"\nmv \"$ARCHIVE_TEMPLATE_FILENAME\" \"$WORKING_IDENTIFIER.dmg\"\nhdiutil attach \"$WORKING_IDENTIFIER.dmg\" -noautoopen -quiet -mountpoint \"$WORKING_IDENTIFIER\"\nditto -rsrc \"$PROJECT_NAME.app\" \"$WORKING_IDENTIFIER/$PROJECT_NAME.app\"\nARCHIVE_DEV=`hdiutil info | grep \"$WORKING_IDENTIFIER\" | grep \"Apple_HFS\" | awk '{print $1}'`\nhdiutil detach $ARCHIVE_DEV -quiet -force\nhdiutil convert \"$WORKING_IDENTIFIER.dmg\" -quiet -format UDZO -imagekey zlib-level=9 -o \"$ARCHIVE_FILENAME\"\nrm -f \"$WORKING_IDENTIFIER.dmg\"\n\nSIZE=$(stat -f %z \"$ARCHIVE_FILENAME\")\nPUBDATE=$(date +\"%a, %d %b %G %T %z\")\nSIGNATURE=$(\n\topenssl dgst -sha1 -binary < \"$ARCHIVE_FILENAME\" \\\n\t| openssl dgst -dss1 -sign <(security find-generic-password -g -s \"$KEYCHAIN_PRIVKEY_NAME\" 2>&1 1>/dev/null | perl -pe '($_) = /\"(.+)\"/; s/\\\\012/\\n/g') \\\n\t| openssl enc -base64\n)\n\n[ $SIGNATURE ] || { echo Unable to load signing private key with name \"'$KEYCHAIN_PRIVKEY_NAME'\" from keychain; false; }\n\ncat >appcast-item.xml <<EOF\n\n\t\t<item>\n\t\t\t<title>Version $VERSION</title>\n\t\t\t<sparkle:releaseNotesLink>\n\t\t\t\t$RELEASENOTES_URL\n\t\t\t</sparkle:releaseNotesLink>\n\t\t\t<pubDate>$PUBDATE</pubDate>\n\t\t\t<enclosure\n\t\t\t\turl=\"$DOWNLOAD_URL\"\n\t\t\t\tsparkle:version=\"$VERSION\"\n\t\t\t\ttype=\"application/octet-stream\"\n\t\t\t\tlength=\"$SIZE\"\n\t\t\t\tsparkle:dsaSignature=\"$SIGNATURE\"\n\t\t\t/>\n\t\t</item>\n\nEOF\n";
		};
/* End PBXShellScriptBuildPhase section */

/* Begin PBXSourcesBuildPhase section */
		8D11072C0486CEB800E47090 /* Sources */ = {
			isa = PBXSourcesBuildPhase;
			buildActionMask = 2147483647;
			files = (
				8D11072D0486CEB800E47090 /* main.m in Sources */,
				B03093A11037389E00737D19 /* GiornataController.m in Sources */,
			);
			runOnlyForDeploymentPostprocessing = 0;
		};
		B030930710372E0100737D19 /* Sources */ = {
			isa = PBXSourcesBuildPhase;
			buildActionMask = 2147483647;
			files = (
				B030938E1037362E00737D19 /* DesktopStorage.m in Sources */,
			);
			runOnlyForDeploymentPostprocessing = 0;
		};
/* End PBXSourcesBuildPhase section */

/* Begin PBXTargetDependency section */
		B030932A10372F3E00737D19 /* PBXTargetDependency */ = {
			isa = PBXTargetDependency;
			target = B030930910372E0100737D19 /* DesktopStorage */;
			targetProxy = B030932910372F3E00737D19 /* PBXContainerItemProxy */;
		};
		B0E146AA1035FBFC005B161C /* PBXTargetDependency */ = {
			isa = PBXTargetDependency;
			target = 8D1107260486CEB800E47090 /* Giornata */;
			targetProxy = B0E146A91035FBFC005B161C /* PBXContainerItemProxy */;
		};
/* End PBXTargetDependency section */

/* Begin PBXVariantGroup section */
		089C165CFE840E0CC02AAC07 /* InfoPlist.strings */ = {
			isa = PBXVariantGroup;
			children = (
				089C165DFE840E0CC02AAC07 /* English */,
			);
			name = InfoPlist.strings;
			sourceTree = "<group>";
		};
		1DDD58140DA1D0A300B32029 /* Giornata.xib */ = {
			isa = PBXVariantGroup;
			children = (
				1DDD58150DA1D0A300B32029 /* English */,
			);
			name = Giornata.xib;
			sourceTree = "<group>";
		};
		B030931110372E1B00737D19 /* InfoPlist.strings */ = {
			isa = PBXVariantGroup;
			children = (
				B030931210372E1B00737D19 /* English */,
			);
			name = InfoPlist.strings;
			sourceTree = "<group>";
		};
		B03093841037353800737D19 /* DesktopStorage.xib */ = {
			isa = PBXVariantGroup;
			children = (
				B030937F103734BD00737D19 /* English */,
			);
			name = DesktopStorage.xib;
			sourceTree = "<group>";
		};
/* End PBXVariantGroup section */

/* Begin XCBuildConfiguration section */
		B030930C10372E0200737D19 /* Debug */ = {
			isa = XCBuildConfiguration;
			buildSettings = {
				ALWAYS_SEARCH_USER_PATHS = NO;
				COPY_PHASE_STRIP = NO;
				CURRENT_PROJECT_VERSION = 1.0;
				GCC_DYNAMIC_NO_PIC = NO;
				GCC_ENABLE_FIX_AND_CONTINUE = YES;
				GCC_ENABLE_OBJC_GC = required;
				GCC_MODEL_TUNING = G5;
				GCC_OPTIMIZATION_LEVEL = 0;
				GCC_PRECOMPILE_PREFIX_HEADER = YES;
				GCC_PREFIX_HEADER = "plugins/desktop-storage/DesktopStorage_Prefix.pch";
				GENERATE_PKGINFO_FILE = YES;
				INFOPLIST_FILE = "plugins/desktop-storage/resources/Info.plist";
				INSTALL_PATH = "$(HOME)/Library/Bundles";
				OTHER_LDFLAGS = "";
				PREBINDING = NO;
				PRODUCT_NAME = DesktopStorage;
				WRAPPER_EXTENSION = plugin;
			};
			name = Debug;
		};
		B030930D10372E0200737D19 /* Release */ = {
			isa = XCBuildConfiguration;
			buildSettings = {
				ALWAYS_SEARCH_USER_PATHS = NO;
				COPY_PHASE_STRIP = YES;
				CURRENT_PROJECT_VERSION = 1.0;
				DEBUG_INFORMATION_FORMAT = "dwarf-with-dsym";
				GCC_ENABLE_FIX_AND_CONTINUE = NO;
				GCC_ENABLE_OBJC_GC = required;
				GCC_MODEL_TUNING = G5;
				GCC_PRECOMPILE_PREFIX_HEADER = YES;
				GCC_PREFIX_HEADER = "plugins/desktop-storage/DesktopStorage_Prefix.pch";
				GENERATE_PKGINFO_FILE = YES;
				INFOPLIST_FILE = "plugins/desktop-storage/resources/Info.plist";
				INSTALL_PATH = "$(HOME)/Library/Bundles";
				OTHER_LDFLAGS = "";
				PREBINDING = NO;
				PRODUCT_NAME = DesktopStorage;
				WRAPPER_EXTENSION = plugin;
				ZERO_LINK = NO;
			};
			name = Release;
		};
		B0E1469F1035FBDF005B161C /* Debug */ = {
			isa = XCBuildConfiguration;
			buildSettings = {
				COPY_PHASE_STRIP = NO;
				GCC_DYNAMIC_NO_PIC = NO;
				GCC_OPTIMIZATION_LEVEL = 0;
				PRODUCT_NAME = Distribution;
			};
			name = Debug;
		};
		B0E146A01035FBDF005B161C /* Release */ = {
			isa = XCBuildConfiguration;
			buildSettings = {
				COPY_PHASE_STRIP = YES;
				DEBUG_INFORMATION_FORMAT = "dwarf-with-dsym";
				GCC_ENABLE_FIX_AND_CONTINUE = NO;
				PRODUCT_NAME = Distribution;
				ZERO_LINK = NO;
			};
			name = Release;
		};
		C01FCF4B08A954540054247B /* Debug */ = {
			isa = XCBuildConfiguration;
			buildSettings = {
				ALWAYS_SEARCH_USER_PATHS = NO;
				COPY_PHASE_STRIP = NO;
				CURRENT_PROJECT_VERSION = 1.0;
				FRAMEWORK_SEARCH_PATHS = (
					"$(inherited)",
					"\"$(SRCROOT)/core/frameworks\"",
				);
				GCC_DYNAMIC_NO_PIC = NO;
				GCC_ENABLE_FIX_AND_CONTINUE = YES;
				GCC_ENABLE_OBJC_GC = required;
				GCC_MODEL_TUNING = G5;
				GCC_OPTIMIZATION_LEVEL = 0;
				GCC_PRECOMPILE_PREFIX_HEADER = YES;
				GCC_PREFIX_HEADER = core/Giornata_Prefix.pch;
				INFOPLIST_FILE = core/resources/Info.plist;
				INSTALL_PATH = "$(HOME)/Applications";
				PRODUCT_NAME = Giornata;
				SYMROOT = build;
				VERSIONING_SYSTEM = "";
			};
			name = Debug;
		};
		C01FCF4C08A954540054247B /* Release */ = {
			isa = XCBuildConfiguration;
			buildSettings = {
				ALWAYS_SEARCH_USER_PATHS = NO;
				CURRENT_PROJECT_VERSION = 1.0;
				DEBUG_INFORMATION_FORMAT = "dwarf-with-dsym";
				FRAMEWORK_SEARCH_PATHS = (
					"$(inherited)",
					"\"$(SRCROOT)/core/frameworks\"",
				);
				GCC_ENABLE_OBJC_GC = required;
				GCC_MODEL_TUNING = G5;
				GCC_PRECOMPILE_PREFIX_HEADER = YES;
				GCC_PREFIX_HEADER = core/Giornata_Prefix.pch;
				INFOPLIST_FILE = core/resources/Info.plist;
				INSTALL_PATH = "$(HOME)/Applications";
				PRODUCT_NAME = Giornata;
				SYMROOT = build;
				VERSIONING_SYSTEM = "";
			};
			name = Release;
		};
		C01FCF4F08A954540054247B /* Debug */ = {
			isa = XCBuildConfiguration;
			buildSettings = {
				ARCHS = "$(ARCHS_STANDARD_32_BIT)";
				GCC_C_LANGUAGE_STANDARD = c99;
				GCC_OPTIMIZATION_LEVEL = 0;
				GCC_WARN_ABOUT_RETURN_TYPE = YES;
				GCC_WARN_UNUSED_VARIABLE = YES;
				ONLY_ACTIVE_ARCH = YES;
				PREBINDING = NO;
				SDKROOT = macosx10.5;
			};
			name = Debug;
		};
		C01FCF5008A954540054247B /* Release */ = {
			isa = XCBuildConfiguration;
			buildSettings = {
				ARCHS = "$(ARCHS_STANDARD_32_BIT)";
				GCC_C_LANGUAGE_STANDARD = c99;
				GCC_WARN_ABOUT_RETURN_TYPE = YES;
				GCC_WARN_UNUSED_VARIABLE = YES;
				PREBINDING = NO;
				SDKROOT = macosx10.5;
			};
			name = Release;
		};
/* End XCBuildConfiguration section */

/* Begin XCConfigurationList section */
		B030930E10372E0200737D19 /* Build configuration list for PBXNativeTarget "DesktopStorage" */ = {
			isa = XCConfigurationList;
			buildConfigurations = (
				B030930C10372E0200737D19 /* Debug */,
				B030930D10372E0200737D19 /* Release */,
			);
			defaultConfigurationIsVisible = 0;
			defaultConfigurationName = Release;
		};
		B0E146A81035FBF0005B161C /* Build configuration list for PBXAggregateTarget "Distribution" */ = {
			isa = XCConfigurationList;
			buildConfigurations = (
				B0E1469F1035FBDF005B161C /* Debug */,
				B0E146A01035FBDF005B161C /* Release */,
			);
			defaultConfigurationIsVisible = 0;
			defaultConfigurationName = Release;
		};
		C01FCF4A08A954540054247B /* Build configuration list for PBXNativeTarget "Giornata" */ = {
			isa = XCConfigurationList;
			buildConfigurations = (
				C01FCF4B08A954540054247B /* Debug */,
				C01FCF4C08A954540054247B /* Release */,
			);
			defaultConfigurationIsVisible = 0;
			defaultConfigurationName = Release;
		};
		C01FCF4E08A954540054247B /* Build configuration list for PBXProject "Giornata" */ = {
			isa = XCConfigurationList;
			buildConfigurations = (
				C01FCF4F08A954540054247B /* Debug */,
				C01FCF5008A954540054247B /* Release */,
			);
			defaultConfigurationIsVisible = 0;
			defaultConfigurationName = Release;
		};
/* End XCConfigurationList section */
	};
	rootObject = 29B97313FDCFA39411CA2CEA /* Project object */;
}
